
Microsoft Visual Studio Solution File, Format Version 12.00
# Visual Studio Version 17
VisualStudioVersion = 17.2.32516.85
MinimumVisualStudioVersion = 10.0.40219.1
Project("{FAE04EC0-301F-11D3-BF4B-00C04F79EFBC}") = "factorial", "factorial\factorial.csproj", "{479EFB6A-B2C0-4627-B1A6-418C00325248}"
EndProject
Global
	GlobalSection(SolutionConfigurationPlatforms) = preSolution
		Debug|Any CPU = Debug|Any CPU
		Release|Any CPU = Release|Any CPU
	EndGlobalSection
	GlobalSection(ProjectConfigurationPlatforms) = postSolution
		{479EFB6A-B2C0-4627-B1A6-418C00325248}.Debug|Any CPU.ActiveCfg = Debug|Any CPU
		{479EFB6A-B2C0-4627-B1A6-418C00325248}.Debug|Any CPU.Build.0 = Debug|Any CPU
		{479EFB6A-B2C0-4627-B1A6-418C00325248}.Release|Any CPU.ActiveCfg = Release|Any CPU
		{479EFB6A-B2C0-4627-B1A6-418C00325248}.Release|Any CPU.Build.0 = Release|Any CPU
	EndGlobalSection
	GlobalSection(SolutionProperties) = preSolution
		HideSolutionNode = FALSE
	EndGlobalSection
	GlobalSection(ExtensibilityGlobals) = postSolution
		SolutionGuid = {F45F6D4F-0EA5-4426-8863-CE8B7FE5278B}
	EndGlobalSection
EndGlobal
